
Microsoft Visual Studio Solution File, Format Version 12.00
# Visual Studio Version 17
VisualStudioVersion = 17.11.35312.102
MinimumVisualStudioVersion = 10.0.40219.1
Project("{FAE04EC0-301F-11D3-BF4B-00C04F79EFBC}") = "BasicAccessAuthenticationApiServer", "BasicAccessAuthenticationApiServer\BasicAccessAuthenticationApiServer.csproj", "{48224B82-29D3-46C2-9CEF-A98AA9F7CE8A}"
EndProject
Global
	GlobalSection(SolutionConfigurationPlatforms) = preSolution
		Debug|Any CPU = Debug|Any CPU
		Release|Any CPU = Release|Any CPU
	EndGlobalSection
	GlobalSection(ProjectConfigurationPlatforms) = postSolution
		{48224B82-29D3-46C2-9CEF-A98AA9F7CE8A}.Debug|Any CPU.ActiveCfg = Debug|Any CPU
		{48224B82-29D3-46C2-9CEF-A98AA9F7CE8A}.Debug|Any CPU.Build.0 = Debug|Any CPU
		{48224B82-29D3-46C2-9CEF-A98AA9F7CE8A}.Release|Any CPU.ActiveCfg = Release|Any CPU
		{48224B82-29D3-46C2-9CEF-A98AA9F7CE8A}.Release|Any CPU.Build.0 = Release|Any CPU
	EndGlobalSection
	GlobalSection(SolutionProperties) = preSolution
		HideSolutionNode = FALSE
	EndGlobalSection
	GlobalSection(ExtensibilityGlobals) = postSolution
		SolutionGuid = {7F1D198C-F186-417B-A2EF-0720D8648FE2}
	EndGlobalSection
EndGlobal
